
Microsoft Visual Studio Solution File, Format Version 12.00
# Visual Studio Version 16
VisualStudioVersion = 16.0.30907.101
MinimumVisualStudioVersion = 10.0.40219.1
Project("{FAE04EC0-301F-11D3-BF4B-00C04F79EFBC}") = "GeneralConstruction", "GeneralConstruction\GeneralConstruction.csproj", "{F121B34F-E8BD-4371-9C57-98065B221057}"
EndProject
Project("{FAE04EC0-301F-11D3-BF4B-00C04F79EFBC}") = "GeneralConstructionTest", "GeneralConstructionTest\GeneralConstructionTest.csproj", "{AC624307-423A-45BA-A52E-562EC9FCB3CD}"
EndProject
Global
	GlobalSection(SolutionConfigurationPlatforms) = preSolution
		Debug|Any CPU = Debug|Any CPU
		Release|Any CPU = Release|Any CPU
	EndGlobalSection
	GlobalSection(ProjectConfigurationPlatforms) = postSolution
		{F121B34F-E8BD-4371-9C57-98065B221057}.Debug|Any CPU.ActiveCfg = Debug|Any CPU
		{F121B34F-E8BD-4371-9C57-98065B221057}.Debug|Any CPU.Build.0 = Debug|Any CPU
		{F121B34F-E8BD-4371-9C57-98065B221057}.Release|Any CPU.ActiveCfg = Release|Any CPU
		{F121B34F-E8BD-4371-9C57-98065B221057}.Release|Any CPU.Build.0 = Release|Any CPU
		{AC624307-423A-45BA-A52E-562EC9FCB3CD}.Debug|Any CPU.ActiveCfg = Debug|Any CPU
		{AC624307-423A-45BA-A52E-562EC9FCB3CD}.Debug|Any CPU.Build.0 = Debug|Any CPU
		{AC624307-423A-45BA-A52E-562EC9FCB3CD}.Release|Any CPU.ActiveCfg = Release|Any CPU
		{AC624307-423A-45BA-A52E-562EC9FCB3CD}.Release|Any CPU.Build.0 = Release|Any CPU
	EndGlobalSection
	GlobalSection(SolutionProperties) = preSolution
		HideSolutionNode = FALSE
	EndGlobalSection
	GlobalSection(ExtensibilityGlobals) = postSolution
		SolutionGuid = {E78F521A-12D3-4456-91F6-A720F6C33E52}
	EndGlobalSection
EndGlobal
